
Microsoft Visual Studio Solution File, Format Version 12.00
# Visual Studio Version 17
VisualStudioVersion = 17.6.33829.357
MinimumVisualStudioVersion = 10.0.40219.1
Project("{9A19103F-16F7-4668-BE54-9A1E7A4F7556}") = "BulkyBookWeb", "BulkyBookWeb\BulkyBookWeb.csproj", "{9BF072CD-7BB8-4795-B0A3-549DF411DDD1}"
EndProject
Project("{FAE04EC0-301F-11D3-BF4B-00C04F79EFBC}") = "BulkyBook.DataAccess", "BulkyBook.DataAccess\BulkyBook.DataAccess.csproj", "{88C02AF1-0F53-4AE1-BB27-D1E478839779}"
EndProject
Project("{FAE04EC0-301F-11D3-BF4B-00C04F79EFBC}") = "BulkyBook.Models", "BulkyBook.Models\BulkyBook.Models.csproj", "{10006F83-E198-4E9D-B4D7-EB4E9195DC30}"
EndProject
Project("{FAE04EC0-301F-11D3-BF4B-00C04F79EFBC}") = "BulkyBook.Utility", "BulkyBook.Utility\BulkyBook.Utility.csproj", "{07FB8FA6-0958-466C-86FE-BE6AF05E04EB}"
EndProject
Global
	GlobalSection(SolutionConfigurationPlatforms) = preSolution
		Debug|Any CPU = Debug|Any CPU
		Release|Any CPU = Release|Any CPU
	EndGlobalSection
	GlobalSection(ProjectConfigurationPlatforms) = postSolution
		{9BF072CD-7BB8-4795-B0A3-549DF411DDD1}.Debug|Any CPU.ActiveCfg = Debug|Any CPU
		{9BF072CD-7BB8-4795-B0A3-549DF411DDD1}.Debug|Any CPU.Build.0 = Debug|Any CPU
		{9BF072CD-7BB8-4795-B0A3-549DF411DDD1}.Release|Any CPU.ActiveCfg = Release|Any CPU
		{9BF072CD-7BB8-4795-B0A3-549DF411DDD1}.Release|Any CPU.Build.0 = Release|Any CPU
		{88C02AF1-0F53-4AE1-BB27-D1E478839779}.Debug|Any CPU.ActiveCfg = Debug|Any CPU
		{88C02AF1-0F53-4AE1-BB27-D1E478839779}.Debug|Any CPU.Build.0 = Debug|Any CPU
		{88C02AF1-0F53-4AE1-BB27-D1E478839779}.Release|Any CPU.ActiveCfg = Release|Any CPU
		{88C02AF1-0F53-4AE1-BB27-D1E478839779}.Release|Any CPU.Build.0 = Release|Any CPU
		{10006F83-E198-4E9D-B4D7-EB4E9195DC30}.Debug|Any CPU.ActiveCfg = Debug|Any CPU
		{10006F83-E198-4E9D-B4D7-EB4E9195DC30}.Debug|Any CPU.Build.0 = Debug|Any CPU
		{10006F83-E198-4E9D-B4D7-EB4E9195DC30}.Release|Any CPU.ActiveCfg = Release|Any CPU
		{10006F83-E198-4E9D-B4D7-EB4E9195DC30}.Release|Any CPU.Build.0 = Release|Any CPU
		{07FB8FA6-0958-466C-86FE-BE6AF05E04EB}.Debug|Any CPU.ActiveCfg = Debug|Any CPU
		{07FB8FA6-0958-466C-86FE-BE6AF05E04EB}.Debug|Any CPU.Build.0 = Debug|Any CPU
		{07FB8FA6-0958-466C-86FE-BE6AF05E04EB}.Release|Any CPU.ActiveCfg = Release|Any CPU
		{07FB8FA6-0958-466C-86FE-BE6AF05E04EB}.Release|Any CPU.Build.0 = Release|Any CPU
	EndGlobalSection
	GlobalSection(SolutionProperties) = preSolution
		HideSolutionNode = FALSE
	EndGlobalSection
	GlobalSection(ExtensibilityGlobals) = postSolution
		SolutionGuid = {8CBBE7CF-385E-49D8-8631-5A01DD5E91AD}
	EndGlobalSection
EndGlobal
